<?xml version="1.0" encoding="utf-8"?>
<Project ToolsVersion="4.0" xmlns="http://schemas.microsoft.com/developer/msbuild/2003">
  <ItemGroup>
    <ClCompile Include="06.Scenes\BattleScene.cpp" />
    <ClCompile Include="04.UiObject\Button.cpp" />
    <ClCompile Include="96.Json\FileData.cpp" />
    <ClCompile Include="96.Json\FileManager.cpp" />
    <ClCompile Include="00.Framework\AnimationClip.cpp" />
    <ClCompile Include="00.Framework\Animator.cpp" />
    <ClCompile Include="00.Framework\ConsoleLogger.cpp" />
    <ClCompile Include="00.Framework\Framework.cpp" />
    <ClCompile Include="01.Manager\InputMgr.cpp" />
    <ClCompile Include="01.Manager\ResourceMgr.cpp" />
    <ClCompile Include="00.Framework\Utils.cpp" />
    <ClCompile Include="02.Object\Object.cpp" />
    <ClCompile Include="02.Object\RectangleObj.cpp" />
    <ClCompile Include="02.Object\VertexArrayObj.cpp" />
    <ClCompile Include="03.GameObject\GameObj.cpp" />
    <ClCompile Include="03.GameObject\Player\Evan.cpp" />
    <ClCompile Include="03.GameObject\Monster\Goblin01.cpp" />
    <ClCompile Include="04.UiObject\BattleSceneUI.cpp" />
    <ClCompile Include="01.Manager\GameManager.cpp" />
    <ClCompile Include="03.GameObject\Player\Aramis.cpp" />
    <ClCompile Include="03.GameObject\Map\AStar.cpp" />
    <ClCompile Include="main.cpp" />
    <ClCompile Include="06.Scenes\Scene.cpp" />
    <ClCompile Include="01.Manager\SceneMgr.cpp" />
    <ClCompile Include="02.Object\SpriteObj.cpp" />
    <ClCompile Include="02.Object\TextObj.cpp" />
    <ClCompile Include="01.Manager\SoundMgr.cpp" />
    <ClCompile Include="06.Scenes\TitleScene.cpp" />
    <ClCompile Include="06.Scenes\ToolScene.cpp" />
    <ClCompile Include="01.Manager\UIMgr.cpp" />
    <ClCompile Include="05.ToolObject\TileSet.cpp" />
    <ClCompile Include="05.ToolObject\UiName.cpp" />
    <ClCompile Include="05.ToolObject\Theme.cpp" />
    <ClCompile Include="04.UiObject\SpriteButton.cpp" />
    <ClCompile Include="04.UiObject\ProgressBar.cpp" />
    <ClCompile Include="05.ToolObject\Number.cpp" />
    <ClCompile Include="05.ToolObject\SelectTile.cpp" />
    <ClCompile Include="05.ToolObject\SelectObstacle.cpp" />
    <ClCompile Include="05.ToolObject\SelectMonster.cpp" />
    <ClCompile Include="05.ToolObject\SelectStar.cpp" />
    <ClCompile Include="04.UiObject\BattlePanel.cpp" />
    <ClCompile Include="05.ToolObject\TilePlay.cpp" />
    <ClCompile Include="05.ToolObject\ToolChapter.cpp" />
    <ClCompile Include="05.ToolObject\ToolStage.cpp" />
    <ClCompile Include="05.ToolObject\TileBackground.cpp" />
    <ClCompile Include="03.GameObject\Star.cpp" />
    <ClCompile Include="03.GameObject\Map\Tile.cpp" />
    <ClCompile Include="03.GameObject\Player\Daniel.cpp" />
    <ClCompile Include="03.GameObject\Obstacle.cpp" />
    <ClCompile Include="03.GameObject\Player\Pria.cpp" />
    <ClCompile Include="03.GameObject\Player\Arveron.cpp" />
    <ClCompile Include="03.GameObject\Player\LeonHeart.cpp" />
    <ClCompile Include="03.GameObject\Player\Shelda.cpp" />
    <ClCompile Include="03.GameObject\Monster\Goblin02.cpp" />
    <ClCompile Include="03.GameObject\Monster\Goblin00.cpp" />
    <ClCompile Include="03.GameObject\Monster\Goblin03.cpp" />
    <ClCompile Include="03.GameObject\Monster\Goblin04.cpp" />
    <ClCompile Include="03.GameObject\Monster\Thief00.cpp" />
    <ClCompile Include="03.GameObject\Monster\Thief01.cpp" />
    <ClCompile Include="03.GameObject\Monster\Thief02.cpp" />
    <ClCompile Include="03.GameObject\Monster\Thief03.cpp" />
    <ClCompile Include="03.GameObject\Monster\Thief04.cpp" />
    <ClCompile Include="03.GameObject\Monster\Slime00.cpp" />
    <ClCompile Include="03.GameObject\Monster\Slime01.cpp" />
    <ClCompile Include="03.GameObject\Monster\Slime02.cpp" />
    <ClCompile Include="03.GameObject\Monster\Slime03.cpp" />
    <ClCompile Include="03.GameObject\Monster\Slime04.cpp" />
    <ClCompile Include="03.GameObject\Monster\Slime05.cpp" />
    <ClCompile Include="03.GameObject\Skill\EvanSkill.cpp" />
    <ClCompile Include="03.GameObject\Skill.cpp" />
    <ClCompile Include="03.GameObject\Skill\AramisSkill.cpp" />
    <ClCompile Include="03.GameObject\Skill\ArveronSkill.cpp" />
    <ClCompile Include="03.GameObject\Skill\DanielSkill.cpp" />
    <ClCompile Include="03.GameObject\Skill\LeonHeartSkill.cpp" />
    <ClCompile Include="03.GameObject\Skill\PriaSkill.cpp" />
    <ClCompile Include="03.GameObject\Skill\SheldaSkill.cpp" />
    <ClCompile Include="03.GameObject\Skill\Goblin00Skill.cpp" />
    <ClCompile Include="03.GameObject\Skill\Thief00Skill.cpp" />
    <ClCompile Include="03.GameObject\Skill\Slime00Skill.cpp" />
    <ClCompile Include="04.UiObject\BackgroundText.cpp" />
    <ClCompile Include="04.UiObject\BackrectText.cpp" />
    <ClCompile Include="03.GameObject\Map\FloodFill.cpp" />
    <ClCompile Include="04.UiObject\TwoFactorProgress.cpp" />
    <ClCompile Include="03.GameObject\Bullet.cpp" />
    <ClCompile Include="03.GameObject\Character.cpp" />
    <ClCompile Include="03.GameObject\Item\Item.cpp" />
    <ClCompile Include="03.GameObject\Item\Armor.cpp" />
    <ClCompile Include="03.GameObject\Item\Bow.cpp" />
    <ClCompile Include="03.GameObject\Item\Sword.cpp" />
    <ClCompile Include="03.GameObject\Item\Staff.cpp" />
    <ClCompile Include="04.UiObject\SpriteGrid.cpp" />
    <ClCompile Include="02.Object\FloatingObj.cpp" />
    <ClCompile Include="04.UiObject\DamageText.cpp" />
    <ClCompile Include="04.UiObject\StatPopupWindow.cpp" />
  </ItemGroup>
  <ItemGroup>
    <ClInclude Include="96.Json\FileData.h" />
    <ClInclude Include="96.Json\FileManager.h" />
    <ClInclude Include="98.3rd\CSVWriter.h" />
    <ClInclude Include="06.Scenes\BattleScene.h" />
    <ClInclude Include="04.UiObject\Button.h" />
    <ClInclude Include="03.GameObject\GameObj.h" />
    <ClInclude Include="99.Include\Constant.h" />
    <ClInclude Include="99.Include\Define.h" />
    <ClInclude Include="99.Include\EnumClass.h" />
    <ClInclude Include="99.Include\Headers.h" />
    <ClInclude Include="99.Include\Include.h" />
    <ClInclude Include="99.Include\Struct.h" />
    <ClInclude Include="00.Framework\AnimationClip.h" />
    <ClInclude Include="00.Framework\Animator.h" />
    <ClInclude Include="00.Framework\ConsoleLogger.h" />
    <ClInclude Include="00.Framework\Framework.h" />
    <ClInclude Include="98.3rd\rapidcsv.h" />
    <ClInclude Include="01.Manager\InputMgr.h" />
    <ClInclude Include="01.Manager\ResourceMgr.h" />
    <ClInclude Include="98.3rd\SingleTon.h" />
    <ClInclude Include="00.Framework\Utils.h" />
    <ClInclude Include="02.Object\Object.h" />
    <ClInclude Include="02.Object\RectangleObj.h" />
    <ClInclude Include="02.Object\VertexArrayObj.h" />
    <ClInclude Include="06.Scenes\Scene.h" />
    <ClInclude Include="01.Manager\SceneMgr.h" />
    <ClInclude Include="02.Object\SpriteObj.h" />
    <ClInclude Include="02.Object\TextObj.h" />
    <ClInclude Include="01.Manager\SoundMgr.h" />
    <ClInclude Include="06.Scenes\TitleScene.h" />
    <ClInclude Include="06.Scenes\ToolScene.h" />
    <ClInclude Include="01.Manager\UIMgr.h" />
    <ClInclude Include="03.GameObject\Player\Evan.h" />
    <ClInclude Include="03.GameObject\Monster\Goblin01.h" />
    <ClInclude Include="05.ToolObject\TileSet.h" />
    <ClInclude Include="05.ToolObject\UiName.h" />
    <ClInclude Include="05.ToolObject\Theme.h" />
    <ClInclude Include="04.UiObject\SpriteButton.h" />
    <ClInclude Include="04.UiObject\ProgressBar.h" />
    <ClInclude Include="05.ToolObject\Number.h" />
    <ClInclude Include="05.ToolObject\SelectTile.h" />
    <ClInclude Include="05.ToolObject\SelectObstacle.h" />
    <ClInclude Include="05.ToolObject\SelectMonster.h" />
    <ClInclude Include="04.UiObject\BattleSceneUI.h" />
    <ClInclude Include="05.ToolObject\SelectStar.h" />
    <ClInclude Include="04.UiObject\BattlePanel.h" />
    <ClInclude Include="05.ToolObject\TilePlay.h" />
    <ClInclude Include="05.ToolObject\ToolChapter.h" />
    <ClInclude Include="05.ToolObject\ToolStage.h" />
    <ClInclude Include="01.Manager\GameManager.h" />
    <ClInclude Include="03.GameObject\Player\Aramis.h" />
    <ClInclude Include="05.ToolObject\TileBackground.h" />
    <ClInclude Include="03.GameObject\Star.h" />
    <ClInclude Include="03.GameObject\Map\Tile.h" />
    <ClInclude Include="03.GameObject\Map\AStar.h" />
    <ClInclude Include="03.GameObject\Player\Daniel.h" />
    <ClInclude Include="03.GameObject\Obstacle.h" />
    <ClInclude Include="03.GameObject\Player\Pria.h" />
    <ClInclude Include="03.GameObject\Player\Arveron.h" />
    <ClInclude Include="03.GameObject\Player\LeonHeart.h" />
    <ClInclude Include="03.GameObject\Player\Shelda.h" />
    <ClInclude Include="03.GameObject\Monster\Goblin02.h" />
    <ClInclude Include="03.GameObject\Monster\Goblin00.h" />
    <ClInclude Include="03.GameObject\Monster\Goblin03.h" />
    <ClInclude Include="03.GameObject\Monster\Goblin04.h" />
    <ClInclude Include="03.GameObject\Monster\Thief00.h" />
    <ClInclude Include="03.GameObject\Monster\Thief01.h" />
    <ClInclude Include="03.GameObject\Monster\Thief02.h" />
    <ClInclude Include="03.GameObject\Monster\Thief03.h" />
    <ClInclude Include="03.GameObject\Monster\Thief04.h" />
    <ClInclude Include="03.GameObject\Monster\Slime00.h" />
    <ClInclude Include="03.GameObject\Monster\Slime01.h" />
    <ClInclude Include="03.GameObject\Monster\Slime02.h" />
    <ClInclude Include="03.GameObject\Monster\Slime03.h" />
    <ClInclude Include="03.GameObject\Monster\Slime04.h" />
    <ClInclude Include="03.GameObject\Monster\Slime05.h" />
    <ClInclude Include="03.GameObject\Skill.h" />
    <ClInclude Include="03.GameObject\Skill\EvanSkill.h" />
    <ClInclude Include="03.GameObject\Skill\AramisSkill.h" />
    <ClInclude Include="03.GameObject\Skill\ArveronSkill.h" />
    <ClInclude Include="03.GameObject\Skill\DanielSkill.h" />
    <ClInclude Include="03.GameObject\Skill\LeonHeartSkill.h" />
    <ClInclude Include="03.GameObject\Skill\PriaSkill.h" />
    <ClInclude Include="03.GameObject\Skill\SheldaSkill.h" />
    <ClInclude Include="03.GameObject\Skill\Goblin00Skill.h" />
    <ClInclude Include="03.GameObject\Skill\Thief00Skill.h" />
    <ClInclude Include="03.GameObject\Skill\Slime00Skill.h" />
    <ClInclude Include="04.UiObject\BackgroundText.h" />
    <ClInclude Include="04.UiObject\BackrectText.h" />
    <ClInclude Include="03.GameObject\Map\FloodFill.h" />
    <ClInclude Include="04.UiObject\TwoFactorProgress.h" />
    <ClInclude Include="03.GameObject\Bullet.h" />
    <ClInclude Include="03.GameObject\Character.h" />
    <ClInclude Include="99.Include\GameObjHeaders.h" />
    <ClInclude Include="03.GameObject\Item\Item.h" />
    <ClInclude Include="03.GameObject\Item\Armor.h" />
    <ClInclude Include="03.GameObject\Item\Bow.h" />
    <ClInclude Include="03.GameObject\Item\Sword.h" />
    <ClInclude Include="03.GameObject\Item\Staff.h" />
    <ClInclude Include="04.UiObject\SpriteGrid.h" />
    <ClInclude Include="02.Object\FloatingObj.h" />
    <ClInclude Include="98.3rd\ObjectPool.h" />
    <ClInclude Include="04.UiObject\DamageText.h" />
    <ClInclude Include="04.UiObject\StatPopupWindow.h" />
  </ItemGroup>
  <ItemGroup>
    <None Include="packages.config" />
  </ItemGroup>
</Project>